
Microsoft Visual Studio Solution File, Format Version 12.00
# Visual Studio Version 16
VisualStudioVersion = 16.0.31005.135
MinimumVisualStudioVersion = 10.0.40219.1
Project("{FAE04EC0-301F-11D3-BF4B-00C04F79EFBC}") = "IServices", "..\IServices\IServices.csproj", "{60F1F9D9-16C2-412F-A2A6-04008BB9A37E}"
EndProject
Project("{FAE04EC0-301F-11D3-BF4B-00C04F79EFBC}") = "FakeHelloService", "..\FakeHelloService\FakeHelloService.csproj", "{2E858F93-E09C-41B6-B1E5-765526B31F66}"
EndProject
Project("{FAE04EC0-301F-11D3-BF4B-00C04F79EFBC}") = "HellloServiceHost", "..\HellloServiceHost\HellloServiceHost.csproj", "{77442379-11B7-4917-91B4-5D6A6C1BC2FB}"
EndProject
Project("{FAE04EC0-301F-11D3-BF4B-00C04F79EFBC}") = "HelloServiceConsoleClient", "..\HelloServiceConsoleClient\HelloServiceConsoleClient.csproj", "{1E712EF7-4A5F-422E-B242-32B3F4655C44}"
EndProject
Project("{E24C65DC-7377-472B-9ABA-BC803B73C61A}") = "WCFService", "WCFService\", "{A0A32600-9E2F-4763-B439-02823DC4952E}"
	ProjectSection(WebsiteProperties) = preProject
		TargetFrameworkMoniker = ".NETFramework,Version%3Dv4.7.2"
		ProjectReferences = "{60f1f9d9-16c2-412f-a2a6-04008bb9a37e}|IServices.dll;{2e858f93-e09c-41b6-b1e5-765526b31f66}|FakeHelloService.dll;"
		Debug.AspNetCompiler.VirtualPath = "/localhost_50806"
		Debug.AspNetCompiler.PhysicalPath = "WCFService\"
		Debug.AspNetCompiler.TargetPath = "PrecompiledWeb\localhost_50806\"
		Debug.AspNetCompiler.Updateable = "true"
		Debug.AspNetCompiler.ForceOverwrite = "true"
		Debug.AspNetCompiler.FixedNames = "false"
		Debug.AspNetCompiler.Debug = "True"
		Release.AspNetCompiler.VirtualPath = "/localhost_50806"
		Release.AspNetCompiler.PhysicalPath = "WCFService\"
		Release.AspNetCompiler.TargetPath = "PrecompiledWeb\localhost_50806\"
		Release.AspNetCompiler.Updateable = "true"
		Release.AspNetCompiler.ForceOverwrite = "true"
		Release.AspNetCompiler.FixedNames = "false"
		Release.AspNetCompiler.Debug = "False"
		VWDPort = "50806"
		SlnRelativePath = "WCFService\"
		DefaultWebSiteLanguage = "Visual C#"
	EndProjectSection
EndProject
Project("{FAE04EC0-301F-11D3-BF4B-00C04F79EFBC}") = "WcfServiceApp", "WcfServiceApp\WcfServiceApp.csproj", "{CADC45AC-813B-434A-A237-44E0453E22FC}"
EndProject
Project("{FAE04EC0-301F-11D3-BF4B-00C04F79EFBC}") = "WcfServiceConsoleClient", "WcfServiceConsoleClient\WcfServiceConsoleClient.csproj", "{4A2BAFBC-968A-4F9F-8C09-824E71729E26}"
	ProjectSection(ProjectDependencies) = postProject
		{CADC45AC-813B-434A-A237-44E0453E22FC} = {CADC45AC-813B-434A-A237-44E0453E22FC}
	EndProjectSection
EndProject
Project("{9A19103F-16F7-4668-BE54-9A1E7A4F7556}") = "RestServices", "RestServices\RestServices.csproj", "{8CDB326B-914F-47FC-B74E-36A05E6B0484}"
EndProject
Project("{9A19103F-16F7-4668-BE54-9A1E7A4F7556}") = "RestApiConsoleClient", "RestApiConsoleClient\RestApiConsoleClient.csproj", "{F5D783CE-B022-4D24-AA1C-98D2E7760044}"
EndProject
Project("{9A19103F-16F7-4668-BE54-9A1E7A4F7556}") = "WebApplicationDataComp", "WebApplicationDataComp\WebApplicationDataComp.csproj", "{72715E39-49F4-4478-B9A6-7BFECB9B27B3}"
EndProject
Project("{9A19103F-16F7-4668-BE54-9A1E7A4F7556}") = "BlazorApp1.Server", "BlazorApp1\Server\BlazorApp1.Server.csproj", "{F77A876A-2DB0-45DA-8348-DD8B13EF518A}"
EndProject
Project("{9A19103F-16F7-4668-BE54-9A1E7A4F7556}") = "BlazorApp1.Client", "BlazorApp1\Client\BlazorApp1.Client.csproj", "{2CD2D7A2-6FC9-4565-A9DD-3CDBE96FE862}"
EndProject
Project("{9A19103F-16F7-4668-BE54-9A1E7A4F7556}") = "BlazorApp1.Shared", "BlazorApp1\Shared\BlazorApp1.Shared.csproj", "{A5A2D318-22E9-44DC-90D2-72C97188BD54}"
EndProject
Project("{9A19103F-16F7-4668-BE54-9A1E7A4F7556}") = "BlazorAppPWA.Server", "BlazorAppPWA\Server\BlazorAppPWA.Server.csproj", "{ECE39CA8-889C-4CB0-B54B-002D750A9422}"
EndProject
Project("{9A19103F-16F7-4668-BE54-9A1E7A4F7556}") = "BlazorAppPWA.Client", "BlazorAppPWA\Client\BlazorAppPWA.Client.csproj", "{A840EFB4-F181-47D4-9190-BC616FFDA738}"
EndProject
Project("{9A19103F-16F7-4668-BE54-9A1E7A4F7556}") = "BlazorAppPWA.Shared", "BlazorAppPWA\Shared\BlazorAppPWA.Shared.csproj", "{8491A5E1-C62D-4413-8BC2-6FD6E7E8122D}"
EndProject
Project("{FAE04EC0-301F-11D3-BF4B-00C04F79EFBC}") = "RestApiUWPClient", "RestApiUWPClient\RestApiUWPClient.csproj", "{CA1DA8B8-D6E6-451F-AC15-AC1D01AFE68D}"
EndProject
Global
	GlobalSection(SolutionConfigurationPlatforms) = preSolution
		Debug|Any CPU = Debug|Any CPU
		Debug|ARM = Debug|ARM
		Debug|ARM64 = Debug|ARM64
		Debug|x64 = Debug|x64
		Debug|x86 = Debug|x86
		Release|Any CPU = Release|Any CPU
		Release|ARM = Release|ARM
		Release|ARM64 = Release|ARM64
		Release|x64 = Release|x64
		Release|x86 = Release|x86
	EndGlobalSection
	GlobalSection(ProjectConfigurationPlatforms) = postSolution
		{60F1F9D9-16C2-412F-A2A6-04008BB9A37E}.Debug|Any CPU.ActiveCfg = Debug|Any CPU
		{60F1F9D9-16C2-412F-A2A6-04008BB9A37E}.Debug|Any CPU.Build.0 = Debug|Any CPU
		{60F1F9D9-16C2-412F-A2A6-04008BB9A37E}.Debug|ARM.ActiveCfg = Debug|Any CPU
		{60F1F9D9-16C2-412F-A2A6-04008BB9A37E}.Debug|ARM.Build.0 = Debug|Any CPU
		{60F1F9D9-16C2-412F-A2A6-04008BB9A37E}.Debug|ARM64.ActiveCfg = Debug|Any CPU
		{60F1F9D9-16C2-412F-A2A6-04008BB9A37E}.Debug|ARM64.Build.0 = Debug|Any CPU
		{60F1F9D9-16C2-412F-A2A6-04008BB9A37E}.Debug|x64.ActiveCfg = Debug|Any CPU
		{60F1F9D9-16C2-412F-A2A6-04008BB9A37E}.Debug|x64.Build.0 = Debug|Any CPU
		{60F1F9D9-16C2-412F-A2A6-04008BB9A37E}.Debug|x86.ActiveCfg = Debug|Any CPU
		{60F1F9D9-16C2-412F-A2A6-04008BB9A37E}.Debug|x86.Build.0 = Debug|Any CPU
		{60F1F9D9-16C2-412F-A2A6-04008BB9A37E}.Release|Any CPU.ActiveCfg = Release|Any CPU
		{60F1F9D9-16C2-412F-A2A6-04008BB9A37E}.Release|Any CPU.Build.0 = Release|Any CPU
		{60F1F9D9-16C2-412F-A2A6-04008BB9A37E}.Release|ARM.ActiveCfg = Release|Any CPU
		{60F1F9D9-16C2-412F-A2A6-04008BB9A37E}.Release|ARM.Build.0 = Release|Any CPU
		{60F1F9D9-16C2-412F-A2A6-04008BB9A37E}.Release|ARM64.ActiveCfg = Release|Any CPU
		{60F1F9D9-16C2-412F-A2A6-04008BB9A37E}.Release|ARM64.Build.0 = Release|Any CPU
		{60F1F9D9-16C2-412F-A2A6-04008BB9A37E}.Release|x64.ActiveCfg = Release|Any CPU
		{60F1F9D9-16C2-412F-A2A6-04008BB9A37E}.Release|x64.Build.0 = Release|Any CPU
		{60F1F9D9-16C2-412F-A2A6-04008BB9A37E}.Release|x86.ActiveCfg = Release|Any CPU
		{60F1F9D9-16C2-412F-A2A6-04008BB9A37E}.Release|x86.Build.0 = Release|Any CPU
		{2E858F93-E09C-41B6-B1E5-765526B31F66}.Debug|Any CPU.ActiveCfg = Debug|Any CPU
		{2E858F93-E09C-41B6-B1E5-765526B31F66}.Debug|Any CPU.Build.0 = Debug|Any CPU
		{2E858F93-E09C-41B6-B1E5-765526B31F66}.Debug|ARM.ActiveCfg = Debug|Any CPU
		{2E858F93-E09C-41B6-B1E5-765526B31F66}.Debug|ARM.Build.0 = Debug|Any CPU
		{2E858F93-E09C-41B6-B1E5-765526B31F66}.Debug|ARM64.ActiveCfg = Debug|Any CPU
		{2E858F93-E09C-41B6-B1E5-765526B31F66}.Debug|ARM64.Build.0 = Debug|Any CPU
		{2E858F93-E09C-41B6-B1E5-765526B31F66}.Debug|x64.ActiveCfg = Debug|Any CPU
		{2E858F93-E09C-41B6-B1E5-765526B31F66}.Debug|x64.Build.0 = Debug|Any CPU
		{2E858F93-E09C-41B6-B1E5-765526B31F66}.Debug|x86.ActiveCfg = Debug|Any CPU
		{2E858F93-E09C-41B6-B1E5-765526B31F66}.Debug|x86.Build.0 = Debug|Any CPU
		{2E858F93-E09C-41B6-B1E5-765526B31F66}.Release|Any CPU.ActiveCfg = Release|Any CPU
		{2E858F93-E09C-41B6-B1E5-765526B31F66}.Release|Any CPU.Build.0 = Release|Any CPU
		{2E858F93-E09C-41B6-B1E5-765526B31F66}.Release|ARM.ActiveCfg = Release|Any CPU
		{2E858F93-E09C-41B6-B1E5-765526B31F66}.Release|ARM.Build.0 = Release|Any CPU
		{2E858F93-E09C-41B6-B1E5-765526B31F66}.Release|ARM64.ActiveCfg = Release|Any CPU
		{2E858F93-E09C-41B6-B1E5-765526B31F66}.Release|ARM64.Build.0 = Release|Any CPU
		{2E858F93-E09C-41B6-B1E5-765526B31F66}.Release|x64.ActiveCfg = Release|Any CPU
		{2E858F93-E09C-41B6-B1E5-765526B31F66}.Release|x64.Build.0 = Release|Any CPU
		{2E858F93-E09C-41B6-B1E5-765526B31F66}.Release|x86.ActiveCfg = Release|Any CPU
		{2E858F93-E09C-41B6-B1E5-765526B31F66}.Release|x86.Build.0 = Release|Any CPU
		{77442379-11B7-4917-91B4-5D6A6C1BC2FB}.Debug|Any CPU.ActiveCfg = Debug|Any CPU
		{77442379-11B7-4917-91B4-5D6A6C1BC2FB}.Debug|Any CPU.Build.0 = Debug|Any CPU
		{77442379-11B7-4917-91B4-5D6A6C1BC2FB}.Debug|ARM.ActiveCfg = Debug|Any CPU
		{77442379-11B7-4917-91B4-5D6A6C1BC2FB}.Debug|ARM.Build.0 = Debug|Any CPU
		{77442379-11B7-4917-91B4-5D6A6C1BC2FB}.Debug|ARM64.ActiveCfg = Debug|Any CPU
		{77442379-11B7-4917-91B4-5D6A6C1BC2FB}.Debug|ARM64.Build.0 = Debug|Any CPU
		{77442379-11B7-4917-91B4-5D6A6C1BC2FB}.Debug|x64.ActiveCfg = Debug|Any CPU
		{77442379-11B7-4917-91B4-5D6A6C1BC2FB}.Debug|x64.Build.0 = Debug|Any CPU
		{77442379-11B7-4917-91B4-5D6A6C1BC2FB}.Debug|x86.ActiveCfg = Debug|Any CPU
		{77442379-11B7-4917-91B4-5D6A6C1BC2FB}.Debug|x86.Build.0 = Debug|Any CPU
		{77442379-11B7-4917-91B4-5D6A6C1BC2FB}.Release|Any CPU.ActiveCfg = Release|Any CPU
		{77442379-11B7-4917-91B4-5D6A6C1BC2FB}.Release|Any CPU.Build.0 = Release|Any CPU
		{77442379-11B7-4917-91B4-5D6A6C1BC2FB}.Release|ARM.ActiveCfg = Release|Any CPU
		{77442379-11B7-4917-91B4-5D6A6C1BC2FB}.Release|ARM.Build.0 = Release|Any CPU
		{77442379-11B7-4917-91B4-5D6A6C1BC2FB}.Release|ARM64.ActiveCfg = Release|Any CPU
		{77442379-11B7-4917-91B4-5D6A6C1BC2FB}.Release|ARM64.Build.0 = Release|Any CPU
		{77442379-11B7-4917-91B4-5D6A6C1BC2FB}.Release|x64.ActiveCfg = Release|Any CPU
		{77442379-11B7-4917-91B4-5D6A6C1BC2FB}.Release|x64.Build.0 = Release|Any CPU
		{77442379-11B7-4917-91B4-5D6A6C1BC2FB}.Release|x86.ActiveCfg = Release|Any CPU
		{77442379-11B7-4917-91B4-5D6A6C1BC2FB}.Release|x86.Build.0 = Release|Any CPU
		{1E712EF7-4A5F-422E-B242-32B3F4655C44}.Debug|Any CPU.ActiveCfg = Debug|Any CPU
		{1E712EF7-4A5F-422E-B242-32B3F4655C44}.Debug|Any CPU.Build.0 = Debug|Any CPU
		{1E712EF7-4A5F-422E-B242-32B3F4655C44}.Debug|ARM.ActiveCfg = Debug|Any CPU
		{1E712EF7-4A5F-422E-B242-32B3F4655C44}.Debug|ARM.Build.0 = Debug|Any CPU
		{1E712EF7-4A5F-422E-B242-32B3F4655C44}.Debug|ARM64.ActiveCfg = Debug|Any CPU
		{1E712EF7-4A5F-422E-B242-32B3F4655C44}.Debug|ARM64.Build.0 = Debug|Any CPU
		{1E712EF7-4A5F-422E-B242-32B3F4655C44}.Debug|x64.ActiveCfg = Debug|Any CPU
		{1E712EF7-4A5F-422E-B242-32B3F4655C44}.Debug|x64.Build.0 = Debug|Any CPU
		{1E712EF7-4A5F-422E-B242-32B3F4655C44}.Debug|x86.ActiveCfg = Debug|Any CPU
		{1E712EF7-4A5F-422E-B242-32B3F4655C44}.Debug|x86.Build.0 = Debug|Any CPU
		{1E712EF7-4A5F-422E-B242-32B3F4655C44}.Release|Any CPU.ActiveCfg = Release|Any CPU
		{1E712EF7-4A5F-422E-B242-32B3F4655C44}.Release|Any CPU.Build.0 = Release|Any CPU
		{1E712EF7-4A5F-422E-B242-32B3F4655C44}.Release|ARM.ActiveCfg = Release|Any CPU
		{1E712EF7-4A5F-422E-B242-32B3F4655C44}.Release|ARM.Build.0 = Release|Any CPU
		{1E712EF7-4A5F-422E-B242-32B3F4655C44}.Release|ARM64.ActiveCfg = Release|Any CPU
		{1E712EF7-4A5F-422E-B242-32B3F4655C44}.Release|ARM64.Build.0 = Release|Any CPU
		{1E712EF7-4A5F-422E-B242-32B3F4655C44}.Release|x64.ActiveCfg = Release|Any CPU
		{1E712EF7-4A5F-422E-B242-32B3F4655C44}.Release|x64.Build.0 = Release|Any CPU
		{1E712EF7-4A5F-422E-B242-32B3F4655C44}.Release|x86.ActiveCfg = Release|Any CPU
		{1E712EF7-4A5F-422E-B242-32B3F4655C44}.Release|x86.Build.0 = Release|Any CPU
		{A0A32600-9E2F-4763-B439-02823DC4952E}.Debug|Any CPU.ActiveCfg = Debug|Any CPU
		{A0A32600-9E2F-4763-B439-02823DC4952E}.Debug|Any CPU.Build.0 = Debug|Any CPU
		{A0A32600-9E2F-4763-B439-02823DC4952E}.Debug|ARM.ActiveCfg = Debug|Any CPU
		{A0A32600-9E2F-4763-B439-02823DC4952E}.Debug|ARM.Build.0 = Debug|Any CPU
		{A0A32600-9E2F-4763-B439-02823DC4952E}.Debug|ARM64.ActiveCfg = Debug|Any CPU
		{A0A32600-9E2F-4763-B439-02823DC4952E}.Debug|ARM64.Build.0 = Debug|Any CPU
		{A0A32600-9E2F-4763-B439-02823DC4952E}.Debug|x64.ActiveCfg = Debug|Any CPU
		{A0A32600-9E2F-4763-B439-02823DC4952E}.Debug|x64.Build.0 = Debug|Any CPU
		{A0A32600-9E2F-4763-B439-02823DC4952E}.Debug|x86.ActiveCfg = Debug|Any CPU
		{A0A32600-9E2F-4763-B439-02823DC4952E}.Debug|x86.Build.0 = Debug|Any CPU
		{A0A32600-9E2F-4763-B439-02823DC4952E}.Release|Any CPU.ActiveCfg = Debug|Any CPU
		{A0A32600-9E2F-4763-B439-02823DC4952E}.Release|Any CPU.Build.0 = Debug|Any CPU
		{A0A32600-9E2F-4763-B439-02823DC4952E}.Release|ARM.ActiveCfg = Debug|Any CPU
		{A0A32600-9E2F-4763-B439-02823DC4952E}.Release|ARM.Build.0 = Debug|Any CPU
		{A0A32600-9E2F-4763-B439-02823DC4952E}.Release|ARM64.ActiveCfg = Debug|Any CPU
		{A0A32600-9E2F-4763-B439-02823DC4952E}.Release|ARM64.Build.0 = Debug|Any CPU
		{A0A32600-9E2F-4763-B439-02823DC4952E}.Release|x64.ActiveCfg = Debug|Any CPU
		{A0A32600-9E2F-4763-B439-02823DC4952E}.Release|x64.Build.0 = Debug|Any CPU
		{A0A32600-9E2F-4763-B439-02823DC4952E}.Release|x86.ActiveCfg = Debug|Any CPU
		{A0A32600-9E2F-4763-B439-02823DC4952E}.Release|x86.Build.0 = Debug|Any CPU
		{CADC45AC-813B-434A-A237-44E0453E22FC}.Debug|Any CPU.ActiveCfg = Debug|Any CPU
		{CADC45AC-813B-434A-A237-44E0453E22FC}.Debug|Any CPU.Build.0 = Debug|Any CPU
		{CADC45AC-813B-434A-A237-44E0453E22FC}.Debug|ARM.ActiveCfg = Debug|Any CPU
		{CADC45AC-813B-434A-A237-44E0453E22FC}.Debug|ARM.Build.0 = Debug|Any CPU
		{CADC45AC-813B-434A-A237-44E0453E22FC}.Debug|ARM64.ActiveCfg = Debug|Any CPU
		{CADC45AC-813B-434A-A237-44E0453E22FC}.Debug|ARM64.Build.0 = Debug|Any CPU
		{CADC45AC-813B-434A-A237-44E0453E22FC}.Debug|x64.ActiveCfg = Debug|Any CPU
		{CADC45AC-813B-434A-A237-44E0453E22FC}.Debug|x64.Build.0 = Debug|Any CPU
		{CADC45AC-813B-434A-A237-44E0453E22FC}.Debug|x86.ActiveCfg = Debug|Any CPU
		{CADC45AC-813B-434A-A237-44E0453E22FC}.Debug|x86.Build.0 = Debug|Any CPU
		{CADC45AC-813B-434A-A237-44E0453E22FC}.Release|Any CPU.ActiveCfg = Release|Any CPU
		{CADC45AC-813B-434A-A237-44E0453E22FC}.Release|Any CPU.Build.0 = Release|Any CPU
		{CADC45AC-813B-434A-A237-44E0453E22FC}.Release|ARM.ActiveCfg = Release|Any CPU
		{CADC45AC-813B-434A-A237-44E0453E22FC}.Release|ARM.Build.0 = Release|Any CPU
		{CADC45AC-813B-434A-A237-44E0453E22FC}.Release|ARM64.ActiveCfg = Release|Any CPU
		{CADC45AC-813B-434A-A237-44E0453E22FC}.Release|ARM64.Build.0 = Release|Any CPU
		{CADC45AC-813B-434A-A237-44E0453E22FC}.Release|x64.ActiveCfg = Release|Any CPU
		{CADC45AC-813B-434A-A237-44E0453E22FC}.Release|x64.Build.0 = Release|Any CPU
		{CADC45AC-813B-434A-A237-44E0453E22FC}.Release|x86.ActiveCfg = Release|Any CPU
		{CADC45AC-813B-434A-A237-44E0453E22FC}.Release|x86.Build.0 = Release|Any CPU
		{4A2BAFBC-968A-4F9F-8C09-824E71729E26}.Debug|Any CPU.ActiveCfg = Debug|Any CPU
		{4A2BAFBC-968A-4F9F-8C09-824E71729E26}.Debug|Any CPU.Build.0 = Debug|Any CPU
		{4A2BAFBC-968A-4F9F-8C09-824E71729E26}.Debug|ARM.ActiveCfg = Debug|Any CPU
		{4A2BAFBC-968A-4F9F-8C09-824E71729E26}.Debug|ARM.Build.0 = Debug|Any CPU
		{4A2BAFBC-968A-4F9F-8C09-824E71729E26}.Debug|ARM64.ActiveCfg = Debug|Any CPU
		{4A2BAFBC-968A-4F9F-8C09-824E71729E26}.Debug|ARM64.Build.0 = Debug|Any CPU
		{4A2BAFBC-968A-4F9F-8C09-824E71729E26}.Debug|x64.ActiveCfg = Debug|Any CPU
		{4A2BAFBC-968A-4F9F-8C09-824E71729E26}.Debug|x64.Build.0 = Debug|Any CPU
		{4A2BAFBC-968A-4F9F-8C09-824E71729E26}.Debug|x86.ActiveCfg = Debug|Any CPU
		{4A2BAFBC-968A-4F9F-8C09-824E71729E26}.Debug|x86.Build.0 = Debug|Any CPU
		{4A2BAFBC-968A-4F9F-8C09-824E71729E26}.Release|Any CPU.ActiveCfg = Release|Any CPU
		{4A2BAFBC-968A-4F9F-8C09-824E71729E26}.Release|Any CPU.Build.0 = Release|Any CPU
		{4A2BAFBC-968A-4F9F-8C09-824E71729E26}.Release|ARM.ActiveCfg = Release|Any CPU
		{4A2BAFBC-968A-4F9F-8C09-824E71729E26}.Release|ARM.Build.0 = Release|Any CPU
		{4A2BAFBC-968A-4F9F-8C09-824E71729E26}.Release|ARM64.ActiveCfg = Release|Any CPU
		{4A2BAFBC-968A-4F9F-8C09-824E71729E26}.Release|ARM64.Build.0 = Release|Any CPU
		{4A2BAFBC-968A-4F9F-8C09-824E71729E26}.Release|x64.ActiveCfg = Release|Any CPU
		{4A2BAFBC-968A-4F9F-8C09-824E71729E26}.Release|x64.Build.0 = Release|Any CPU
		{4A2BAFBC-968A-4F9F-8C09-824E71729E26}.Release|x86.ActiveCfg = Release|Any CPU
		{4A2BAFBC-968A-4F9F-8C09-824E71729E26}.Release|x86.Build.0 = Release|Any CPU
		{8CDB326B-914F-47FC-B74E-36A05E6B0484}.Debug|Any CPU.ActiveCfg = Debug|Any CPU
		{8CDB326B-914F-47FC-B74E-36A05E6B0484}.Debug|Any CPU.Build.0 = Debug|Any CPU
		{8CDB326B-914F-47FC-B74E-36A05E6B0484}.Debug|ARM.ActiveCfg = Debug|Any CPU
		{8CDB326B-914F-47FC-B74E-36A05E6B0484}.Debug|ARM.Build.0 = Debug|Any CPU
		{8CDB326B-914F-47FC-B74E-36A05E6B0484}.Debug|ARM64.ActiveCfg = Debug|Any CPU
		{8CDB326B-914F-47FC-B74E-36A05E6B0484}.Debug|ARM64.Build.0 = Debug|Any CPU
		{8CDB326B-914F-47FC-B74E-36A05E6B0484}.Debug|x64.ActiveCfg = Debug|Any CPU
		{8CDB326B-914F-47FC-B74E-36A05E6B0484}.Debug|x64.Build.0 = Debug|Any CPU
		{8CDB326B-914F-47FC-B74E-36A05E6B0484}.Debug|x86.ActiveCfg = Debug|Any CPU
		{8CDB326B-914F-47FC-B74E-36A05E6B0484}.Debug|x86.Build.0 = Debug|Any CPU
		{8CDB326B-914F-47FC-B74E-36A05E6B0484}.Release|Any CPU.ActiveCfg = Release|Any CPU
		{8CDB326B-914F-47FC-B74E-36A05E6B0484}.Release|Any CPU.Build.0 = Release|Any CPU
		{8CDB326B-914F-47FC-B74E-36A05E6B0484}.Release|ARM.ActiveCfg = Release|Any CPU
		{8CDB326B-914F-47FC-B74E-36A05E6B0484}.Release|ARM.Build.0 = Release|Any CPU
		{8CDB326B-914F-47FC-B74E-36A05E6B0484}.Release|ARM64.ActiveCfg = Release|Any CPU
		{8CDB326B-914F-47FC-B74E-36A05E6B0484}.Release|ARM64.Build.0 = Release|Any CPU
		{8CDB326B-914F-47FC-B74E-36A05E6B0484}.Release|x64.ActiveCfg = Release|Any CPU
		{8CDB326B-914F-47FC-B74E-36A05E6B0484}.Release|x64.Build.0 = Release|Any CPU
		{8CDB326B-914F-47FC-B74E-36A05E6B0484}.Release|x86.ActiveCfg = Release|Any CPU
		{8CDB326B-914F-47FC-B74E-36A05E6B0484}.Release|x86.Build.0 = Release|Any CPU
		{F5D783CE-B022-4D24-AA1C-98D2E7760044}.Debug|Any CPU.ActiveCfg = Debug|Any CPU
		{F5D783CE-B022-4D24-AA1C-98D2E7760044}.Debug|Any CPU.Build.0 = Debug|Any CPU
		{F5D783CE-B022-4D24-AA1C-98D2E7760044}.Debug|ARM.ActiveCfg = Debug|Any CPU
		{F5D783CE-B022-4D24-AA1C-98D2E7760044}.Debug|ARM.Build.0 = Debug|Any CPU
		{F5D783CE-B022-4D24-AA1C-98D2E7760044}.Debug|ARM64.ActiveCfg = Debug|Any CPU
		{F5D783CE-B022-4D24-AA1C-98D2E7760044}.Debug|ARM64.Build.0 = Debug|Any CPU
		{F5D783CE-B022-4D24-AA1C-98D2E7760044}.Debug|x64.ActiveCfg = Debug|Any CPU
		{F5D783CE-B022-4D24-AA1C-98D2E7760044}.Debug|x64.Build.0 = Debug|Any CPU
		{F5D783CE-B022-4D24-AA1C-98D2E7760044}.Debug|x86.ActiveCfg = Debug|Any CPU
		{F5D783CE-B022-4D24-AA1C-98D2E7760044}.Debug|x86.Build.0 = Debug|Any CPU
		{F5D783CE-B022-4D24-AA1C-98D2E7760044}.Release|Any CPU.ActiveCfg = Release|Any CPU
		{F5D783CE-B022-4D24-AA1C-98D2E7760044}.Release|Any CPU.Build.0 = Release|Any CPU
		{F5D783CE-B022-4D24-AA1C-98D2E7760044}.Release|ARM.ActiveCfg = Release|Any CPU
		{F5D783CE-B022-4D24-AA1C-98D2E7760044}.Release|ARM.Build.0 = Release|Any CPU
		{F5D783CE-B022-4D24-AA1C-98D2E7760044}.Release|ARM64.ActiveCfg = Release|Any CPU
		{F5D783CE-B022-4D24-AA1C-98D2E7760044}.Release|ARM64.Build.0 = Release|Any CPU
		{F5D783CE-B022-4D24-AA1C-98D2E7760044}.Release|x64.ActiveCfg = Release|Any CPU
		{F5D783CE-B022-4D24-AA1C-98D2E7760044}.Release|x64.Build.0 = Release|Any CPU
		{F5D783CE-B022-4D24-AA1C-98D2E7760044}.Release|x86.ActiveCfg = Release|Any CPU
		{F5D783CE-B022-4D24-AA1C-98D2E7760044}.Release|x86.Build.0 = Release|Any CPU
		{72715E39-49F4-4478-B9A6-7BFECB9B27B3}.Debug|Any CPU.ActiveCfg = Debug|Any CPU
		{72715E39-49F4-4478-B9A6-7BFECB9B27B3}.Debug|Any CPU.Build.0 = Debug|Any CPU
		{72715E39-49F4-4478-B9A6-7BFECB9B27B3}.Debug|ARM.ActiveCfg = Debug|Any CPU
		{72715E39-49F4-4478-B9A6-7BFECB9B27B3}.Debug|ARM.Build.0 = Debug|Any CPU
		{72715E39-49F4-4478-B9A6-7BFECB9B27B3}.Debug|ARM64.ActiveCfg = Debug|Any CPU
		{72715E39-49F4-4478-B9A6-7BFECB9B27B3}.Debug|ARM64.Build.0 = Debug|Any CPU
		{72715E39-49F4-4478-B9A6-7BFECB9B27B3}.Debug|x64.ActiveCfg = Debug|Any CPU
		{72715E39-49F4-4478-B9A6-7BFECB9B27B3}.Debug|x64.Build.0 = Debug|Any CPU
		{72715E39-49F4-4478-B9A6-7BFECB9B27B3}.Debug|x86.ActiveCfg = Debug|Any CPU
		{72715E39-49F4-4478-B9A6-7BFECB9B27B3}.Debug|x86.Build.0 = Debug|Any CPU
		{72715E39-49F4-4478-B9A6-7BFECB9B27B3}.Release|Any CPU.ActiveCfg = Release|Any CPU
		{72715E39-49F4-4478-B9A6-7BFECB9B27B3}.Release|Any CPU.Build.0 = Release|Any CPU
		{72715E39-49F4-4478-B9A6-7BFECB9B27B3}.Release|ARM.ActiveCfg = Release|Any CPU
		{72715E39-49F4-4478-B9A6-7BFECB9B27B3}.Release|ARM.Build.0 = Release|Any CPU
		{72715E39-49F4-4478-B9A6-7BFECB9B27B3}.Release|ARM64.ActiveCfg = Release|Any CPU
		{72715E39-49F4-4478-B9A6-7BFECB9B27B3}.Release|ARM64.Build.0 = Release|Any CPU
		{72715E39-49F4-4478-B9A6-7BFECB9B27B3}.Release|x64.ActiveCfg = Release|Any CPU
		{72715E39-49F4-4478-B9A6-7BFECB9B27B3}.Release|x64.Build.0 = Release|Any CPU
		{72715E39-49F4-4478-B9A6-7BFECB9B27B3}.Release|x86.ActiveCfg = Release|Any CPU
		{72715E39-49F4-4478-B9A6-7BFECB9B27B3}.Release|x86.Build.0 = Release|Any CPU
		{F77A876A-2DB0-45DA-8348-DD8B13EF518A}.Debug|Any CPU.ActiveCfg = Debug|Any CPU
		{F77A876A-2DB0-45DA-8348-DD8B13EF518A}.Debug|Any CPU.Build.0 = Debug|Any CPU
		{F77A876A-2DB0-45DA-8348-DD8B13EF518A}.Debug|ARM.ActiveCfg = Debug|Any CPU
		{F77A876A-2DB0-45DA-8348-DD8B13EF518A}.Debug|ARM.Build.0 = Debug|Any CPU
		{F77A876A-2DB0-45DA-8348-DD8B13EF518A}.Debug|ARM64.ActiveCfg = Debug|Any CPU
		{F77A876A-2DB0-45DA-8348-DD8B13EF518A}.Debug|ARM64.Build.0 = Debug|Any CPU
		{F77A876A-2DB0-45DA-8348-DD8B13EF518A}.Debug|x64.ActiveCfg = Debug|Any CPU
		{F77A876A-2DB0-45DA-8348-DD8B13EF518A}.Debug|x64.Build.0 = Debug|Any CPU
		{F77A876A-2DB0-45DA-8348-DD8B13EF518A}.Debug|x86.ActiveCfg = Debug|Any CPU
		{F77A876A-2DB0-45DA-8348-DD8B13EF518A}.Debug|x86.Build.0 = Debug|Any CPU
		{F77A876A-2DB0-45DA-8348-DD8B13EF518A}.Release|Any CPU.ActiveCfg = Release|Any CPU
		{F77A876A-2DB0-45DA-8348-DD8B13EF518A}.Release|Any CPU.Build.0 = Release|Any CPU
		{F77A876A-2DB0-45DA-8348-DD8B13EF518A}.Release|ARM.ActiveCfg = Release|Any CPU
		{F77A876A-2DB0-45DA-8348-DD8B13EF518A}.Release|ARM.Build.0 = Release|Any CPU
		{F77A876A-2DB0-45DA-8348-DD8B13EF518A}.Release|ARM64.ActiveCfg = Release|Any CPU
		{F77A876A-2DB0-45DA-8348-DD8B13EF518A}.Release|ARM64.Build.0 = Release|Any CPU
		{F77A876A-2DB0-45DA-8348-DD8B13EF518A}.Release|x64.ActiveCfg = Release|Any CPU
		{F77A876A-2DB0-45DA-8348-DD8B13EF518A}.Release|x64.Build.0 = Release|Any CPU
		{F77A876A-2DB0-45DA-8348-DD8B13EF518A}.Release|x86.ActiveCfg = Release|Any CPU
		{F77A876A-2DB0-45DA-8348-DD8B13EF518A}.Release|x86.Build.0 = Release|Any CPU
		{2CD2D7A2-6FC9-4565-A9DD-3CDBE96FE862}.Debug|Any CPU.ActiveCfg = Debug|Any CPU
		{2CD2D7A2-6FC9-4565-A9DD-3CDBE96FE862}.Debug|Any CPU.Build.0 = Debug|Any CPU
		{2CD2D7A2-6FC9-4565-A9DD-3CDBE96FE862}.Debug|ARM.ActiveCfg = Debug|Any CPU
		{2CD2D7A2-6FC9-4565-A9DD-3CDBE96FE862}.Debug|ARM.Build.0 = Debug|Any CPU
		{2CD2D7A2-6FC9-4565-A9DD-3CDBE96FE862}.Debug|ARM64.ActiveCfg = Debug|Any CPU
		{2CD2D7A2-6FC9-4565-A9DD-3CDBE96FE862}.Debug|ARM64.Build.0 = Debug|Any CPU
		{2CD2D7A2-6FC9-4565-A9DD-3CDBE96FE862}.Debug|x64.ActiveCfg = Debug|Any CPU
		{2CD2D7A2-6FC9-4565-A9DD-3CDBE96FE862}.Debug|x64.Build.0 = Debug|Any CPU
		{2CD2D7A2-6FC9-4565-A9DD-3CDBE96FE862}.Debug|x86.ActiveCfg = Debug|Any CPU
		{2CD2D7A2-6FC9-4565-A9DD-3CDBE96FE862}.Debug|x86.Build.0 = Debug|Any CPU
		{2CD2D7A2-6FC9-4565-A9DD-3CDBE96FE862}.Release|Any CPU.ActiveCfg = Release|Any CPU
		{2CD2D7A2-6FC9-4565-A9DD-3CDBE96FE862}.Release|Any CPU.Build.0 = Release|Any CPU
		{2CD2D7A2-6FC9-4565-A9DD-3CDBE96FE862}.Release|ARM.ActiveCfg = Release|Any CPU
		{2CD2D7A2-6FC9-4565-A9DD-3CDBE96FE862}.Release|ARM.Build.0 = Release|Any CPU
		{2CD2D7A2-6FC9-4565-A9DD-3CDBE96FE862}.Release|ARM64.ActiveCfg = Release|Any CPU
		{2CD2D7A2-6FC9-4565-A9DD-3CDBE96FE862}.Release|ARM64.Build.0 = Release|Any CPU
		{2CD2D7A2-6FC9-4565-A9DD-3CDBE96FE862}.Release|x64.ActiveCfg = Release|Any CPU
		{2CD2D7A2-6FC9-4565-A9DD-3CDBE96FE862}.Release|x64.Build.0 = Release|Any CPU
		{2CD2D7A2-6FC9-4565-A9DD-3CDBE96FE862}.Release|x86.ActiveCfg = Release|Any CPU
		{2CD2D7A2-6FC9-4565-A9DD-3CDBE96FE862}.Release|x86.Build.0 = Release|Any CPU
		{A5A2D318-22E9-44DC-90D2-72C97188BD54}.Debug|Any CPU.ActiveCfg = Debug|Any CPU
		{A5A2D318-22E9-44DC-90D2-72C97188BD54}.Debug|Any CPU.Build.0 = Debug|Any CPU
		{A5A2D318-22E9-44DC-90D2-72C97188BD54}.Debug|ARM.ActiveCfg = Debug|Any CPU
		{A5A2D318-22E9-44DC-90D2-72C97188BD54}.Debug|ARM.Build.0 = Debug|Any CPU
		{A5A2D318-22E9-44DC-90D2-72C97188BD54}.Debug|ARM64.ActiveCfg = Debug|Any CPU
		{A5A2D318-22E9-44DC-90D2-72C97188BD54}.Debug|ARM64.Build.0 = Debug|Any CPU
		{A5A2D318-22E9-44DC-90D2-72C97188BD54}.Debug|x64.ActiveCfg = Debug|Any CPU
		{A5A2D318-22E9-44DC-90D2-72C97188BD54}.Debug|x64.Build.0 = Debug|Any CPU
		{A5A2D318-22E9-44DC-90D2-72C97188BD54}.Debug|x86.ActiveCfg = Debug|Any CPU
		{A5A2D318-22E9-44DC-90D2-72C97188BD54}.Debug|x86.Build.0 = Debug|Any CPU
		{A5A2D318-22E9-44DC-90D2-72C97188BD54}.Release|Any CPU.ActiveCfg = Release|Any CPU
		{A5A2D318-22E9-44DC-90D2-72C97188BD54}.Release|Any CPU.Build.0 = Release|Any CPU
		{A5A2D318-22E9-44DC-90D2-72C97188BD54}.Release|ARM.ActiveCfg = Release|Any CPU
		{A5A2D318-22E9-44DC-90D2-72C97188BD54}.Release|ARM.Build.0 = Release|Any CPU
		{A5A2D318-22E9-44DC-90D2-72C97188BD54}.Release|ARM64.ActiveCfg = Release|Any CPU
		{A5A2D318-22E9-44DC-90D2-72C97188BD54}.Release|ARM64.Build.0 = Release|Any CPU
		{A5A2D318-22E9-44DC-90D2-72C97188BD54}.Release|x64.ActiveCfg = Release|Any CPU
		{A5A2D318-22E9-44DC-90D2-72C97188BD54}.Release|x64.Build.0 = Release|Any CPU
		{A5A2D318-22E9-44DC-90D2-72C97188BD54}.Release|x86.ActiveCfg = Release|Any CPU
		{A5A2D318-22E9-44DC-90D2-72C97188BD54}.Release|x86.Build.0 = Release|Any CPU
		{ECE39CA8-889C-4CB0-B54B-002D750A9422}.Debug|Any CPU.ActiveCfg = Debug|Any CPU
		{ECE39CA8-889C-4CB0-B54B-002D750A9422}.Debug|Any CPU.Build.0 = Debug|Any CPU
		{ECE39CA8-889C-4CB0-B54B-002D750A9422}.Debug|ARM.ActiveCfg = Debug|Any CPU
		{ECE39CA8-889C-4CB0-B54B-002D750A9422}.Debug|ARM.Build.0 = Debug|Any CPU
		{ECE39CA8-889C-4CB0-B54B-002D750A9422}.Debug|ARM64.ActiveCfg = Debug|Any CPU
		{ECE39CA8-889C-4CB0-B54B-002D750A9422}.Debug|ARM64.Build.0 = Debug|Any CPU
		{ECE39CA8-889C-4CB0-B54B-002D750A9422}.Debug|x64.ActiveCfg = Debug|Any CPU
		{ECE39CA8-889C-4CB0-B54B-002D750A9422}.Debug|x64.Build.0 = Debug|Any CPU
		{ECE39CA8-889C-4CB0-B54B-002D750A9422}.Debug|x86.ActiveCfg = Debug|Any CPU
		{ECE39CA8-889C-4CB0-B54B-002D750A9422}.Debug|x86.Build.0 = Debug|Any CPU
		{ECE39CA8-889C-4CB0-B54B-002D750A9422}.Release|Any CPU.ActiveCfg = Release|Any CPU
		{ECE39CA8-889C-4CB0-B54B-002D750A9422}.Release|Any CPU.Build.0 = Release|Any CPU
		{ECE39CA8-889C-4CB0-B54B-002D750A9422}.Release|ARM.ActiveCfg = Release|Any CPU
		{ECE39CA8-889C-4CB0-B54B-002D750A9422}.Release|ARM.Build.0 = Release|Any CPU
		{ECE39CA8-889C-4CB0-B54B-002D750A9422}.Release|ARM64.ActiveCfg = Release|Any CPU
		{ECE39CA8-889C-4CB0-B54B-002D750A9422}.Release|ARM64.Build.0 = Release|Any CPU
		{ECE39CA8-889C-4CB0-B54B-002D750A9422}.Release|x64.ActiveCfg = Release|Any CPU
		{ECE39CA8-889C-4CB0-B54B-002D750A9422}.Release|x64.Build.0 = Release|Any CPU
		{ECE39CA8-889C-4CB0-B54B-002D750A9422}.Release|x86.ActiveCfg = Release|Any CPU
		{ECE39CA8-889C-4CB0-B54B-002D750A9422}.Release|x86.Build.0 = Release|Any CPU
		{A840EFB4-F181-47D4-9190-BC616FFDA738}.Debug|Any CPU.ActiveCfg = Debug|Any CPU
		{A840EFB4-F181-47D4-9190-BC616FFDA738}.Debug|Any CPU.Build.0 = Debug|Any CPU
		{A840EFB4-F181-47D4-9190-BC616FFDA738}.Debug|ARM.ActiveCfg = Debug|Any CPU
		{A840EFB4-F181-47D4-9190-BC616FFDA738}.Debug|ARM.Build.0 = Debug|Any CPU
		{A840EFB4-F181-47D4-9190-BC616FFDA738}.Debug|ARM64.ActiveCfg = Debug|Any CPU
		{A840EFB4-F181-47D4-9190-BC616FFDA738}.Debug|ARM64.Build.0 = Debug|Any CPU
		{A840EFB4-F181-47D4-9190-BC616FFDA738}.Debug|x64.ActiveCfg = Debug|Any CPU
		{A840EFB4-F181-47D4-9190-BC616FFDA738}.Debug|x64.Build.0 = Debug|Any CPU
		{A840EFB4-F181-47D4-9190-BC616FFDA738}.Debug|x86.ActiveCfg = Debug|Any CPU
		{A840EFB4-F181-47D4-9190-BC616FFDA738}.Debug|x86.Build.0 = Debug|Any CPU
		{A840EFB4-F181-47D4-9190-BC616FFDA738}.Release|Any CPU.ActiveCfg = Release|Any CPU
		{A840EFB4-F181-47D4-9190-BC616FFDA738}.Release|Any CPU.Build.0 = Release|Any CPU
		{A840EFB4-F181-47D4-9190-BC616FFDA738}.Release|ARM.ActiveCfg = Release|Any CPU
		{A840EFB4-F181-47D4-9190-BC616FFDA738}.Release|ARM.Build.0 = Release|Any CPU
		{A840EFB4-F181-47D4-9190-BC616FFDA738}.Release|ARM64.ActiveCfg = Release|Any CPU
		{A840EFB4-F181-47D4-9190-BC616FFDA738}.Release|ARM64.Build.0 = Release|Any CPU
		{A840EFB4-F181-47D4-9190-BC616FFDA738}.Release|x64.ActiveCfg = Release|Any CPU
		{A840EFB4-F181-47D4-9190-BC616FFDA738}.Release|x64.Build.0 = Release|Any CPU
		{A840EFB4-F181-47D4-9190-BC616FFDA738}.Release|x86.ActiveCfg = Release|Any CPU
		{A840EFB4-F181-47D4-9190-BC616FFDA738}.Release|x86.Build.0 = Release|Any CPU
		{8491A5E1-C62D-4413-8BC2-6FD6E7E8122D}.Debug|Any CPU.ActiveCfg = Debug|Any CPU
		{8491A5E1-C62D-4413-8BC2-6FD6E7E8122D}.Debug|Any CPU.Build.0 = Debug|Any CPU
		{8491A5E1-C62D-4413-8BC2-6FD6E7E8122D}.Debug|ARM.ActiveCfg = Debug|Any CPU
		{8491A5E1-C62D-4413-8BC2-6FD6E7E8122D}.Debug|ARM.Build.0 = Debug|Any CPU
		{8491A5E1-C62D-4413-8BC2-6FD6E7E8122D}.Debug|ARM64.ActiveCfg = Debug|Any CPU
		{8491A5E1-C62D-4413-8BC2-6FD6E7E8122D}.Debug|ARM64.Build.0 = Debug|Any CPU
		{8491A5E1-C62D-4413-8BC2-6FD6E7E8122D}.Debug|x64.ActiveCfg = Debug|Any CPU
		{8491A5E1-C62D-4413-8BC2-6FD6E7E8122D}.Debug|x64.Build.0 = Debug|Any CPU
		{8491A5E1-C62D-4413-8BC2-6FD6E7E8122D}.Debug|x86.ActiveCfg = Debug|Any CPU
		{8491A5E1-C62D-4413-8BC2-6FD6E7E8122D}.Debug|x86.Build.0 = Debug|Any CPU
		{8491A5E1-C62D-4413-8BC2-6FD6E7E8122D}.Release|Any CPU.ActiveCfg = Release|Any CPU
		{8491A5E1-C62D-4413-8BC2-6FD6E7E8122D}.Release|Any CPU.Build.0 = Release|Any CPU
		{8491A5E1-C62D-4413-8BC2-6FD6E7E8122D}.Release|ARM.ActiveCfg = Release|Any CPU
		{8491A5E1-C62D-4413-8BC2-6FD6E7E8122D}.Release|ARM.Build.0 = Release|Any CPU
		{8491A5E1-C62D-4413-8BC2-6FD6E7E8122D}.Release|ARM64.ActiveCfg = Release|Any CPU
		{8491A5E1-C62D-4413-8BC2-6FD6E7E8122D}.Release|ARM64.Build.0 = Release|Any CPU
		{8491A5E1-C62D-4413-8BC2-6FD6E7E8122D}.Release|x64.ActiveCfg = Release|Any CPU
		{8491A5E1-C62D-4413-8BC2-6FD6E7E8122D}.Release|x64.Build.0 = Release|Any CPU
		{8491A5E1-C62D-4413-8BC2-6FD6E7E8122D}.Release|x86.ActiveCfg = Release|Any CPU
		{8491A5E1-C62D-4413-8BC2-6FD6E7E8122D}.Release|x86.Build.0 = Release|Any CPU
		{CA1DA8B8-D6E6-451F-AC15-AC1D01AFE68D}.Debug|Any CPU.ActiveCfg = Debug|x86
		{CA1DA8B8-D6E6-451F-AC15-AC1D01AFE68D}.Debug|Any CPU.Build.0 = Debug|x86
		{CA1DA8B8-D6E6-451F-AC15-AC1D01AFE68D}.Debug|Any CPU.Deploy.0 = Debug|x86
		{CA1DA8B8-D6E6-451F-AC15-AC1D01AFE68D}.Debug|ARM.ActiveCfg = Debug|ARM
		{CA1DA8B8-D6E6-451F-AC15-AC1D01AFE68D}.Debug|ARM.Build.0 = Debug|ARM
		{CA1DA8B8-D6E6-451F-AC15-AC1D01AFE68D}.Debug|ARM.Deploy.0 = Debug|ARM
		{CA1DA8B8-D6E6-451F-AC15-AC1D01AFE68D}.Debug|ARM64.ActiveCfg = Debug|ARM64
		{CA1DA8B8-D6E6-451F-AC15-AC1D01AFE68D}.Debug|ARM64.Build.0 = Debug|ARM64
		{CA1DA8B8-D6E6-451F-AC15-AC1D01AFE68D}.Debug|ARM64.Deploy.0 = Debug|ARM64
		{CA1DA8B8-D6E6-451F-AC15-AC1D01AFE68D}.Debug|x64.ActiveCfg = Debug|x64
		{CA1DA8B8-D6E6-451F-AC15-AC1D01AFE68D}.Debug|x64.Build.0 = Debug|x64
		{CA1DA8B8-D6E6-451F-AC15-AC1D01AFE68D}.Debug|x64.Deploy.0 = Debug|x64
		{CA1DA8B8-D6E6-451F-AC15-AC1D01AFE68D}.Debug|x86.ActiveCfg = Debug|x86
		{CA1DA8B8-D6E6-451F-AC15-AC1D01AFE68D}.Debug|x86.Build.0 = Debug|x86
		{CA1DA8B8-D6E6-451F-AC15-AC1D01AFE68D}.Debug|x86.Deploy.0 = Debug|x86
		{CA1DA8B8-D6E6-451F-AC15-AC1D01AFE68D}.Release|Any CPU.ActiveCfg = Release|x86
		{CA1DA8B8-D6E6-451F-AC15-AC1D01AFE68D}.Release|ARM.ActiveCfg = Release|ARM
		{CA1DA8B8-D6E6-451F-AC15-AC1D01AFE68D}.Release|ARM.Build.0 = Release|ARM
		{CA1DA8B8-D6E6-451F-AC15-AC1D01AFE68D}.Release|ARM.Deploy.0 = Release|ARM
		{CA1DA8B8-D6E6-451F-AC15-AC1D01AFE68D}.Release|ARM64.ActiveCfg = Release|ARM64
		{CA1DA8B8-D6E6-451F-AC15-AC1D01AFE68D}.Release|ARM64.Build.0 = Release|ARM64
		{CA1DA8B8-D6E6-451F-AC15-AC1D01AFE68D}.Release|ARM64.Deploy.0 = Release|ARM64
		{CA1DA8B8-D6E6-451F-AC15-AC1D01AFE68D}.Release|x64.ActiveCfg = Release|x64
		{CA1DA8B8-D6E6-451F-AC15-AC1D01AFE68D}.Release|x64.Build.0 = Release|x64
		{CA1DA8B8-D6E6-451F-AC15-AC1D01AFE68D}.Release|x64.Deploy.0 = Release|x64
		{CA1DA8B8-D6E6-451F-AC15-AC1D01AFE68D}.Release|x86.ActiveCfg = Release|x86
		{CA1DA8B8-D6E6-451F-AC15-AC1D01AFE68D}.Release|x86.Build.0 = Release|x86
		{CA1DA8B8-D6E6-451F-AC15-AC1D01AFE68D}.Release|x86.Deploy.0 = Release|x86
	EndGlobalSection
	GlobalSection(SolutionProperties) = preSolution
		HideSolutionNode = FALSE
	EndGlobalSection
	GlobalSection(ExtensibilityGlobals) = postSolution
		SolutionGuid = {73BEFDD3-58BC-440B-A59F-6F3938D0F0B1}
	EndGlobalSection
EndGlobal
